// !$*UTF8*$!
{
	archiveVersion = 1;
	classes = {
	};
	objectVersion = 48;
	objects = {

/* Begin PBXBuildFile section */
		A22C4D481FF5F1BF0079F7C2 /* main.cpp in Sources */ = {isa = PBXBuildFile; fileRef = A22C4D471FF5F1BF0079F7C2 /* main.cpp */; };
		A2ED6F9A204FD22D00443946 /* PaChong.cpp in Sources */ = {isa = PBXBuildFile; fileRef = A2ED6F98204FD22D00443946 /* PaChong.cpp */; };
/* End PBXBuildFile section */

/* Begin PBXCopyFilesBuildPhase section */
		A22C4D421FF5F1BF0079F7C2 /* CopyFiles */ = {
			isa = PBXCopyFilesBuildPhase;
			buildActionMask = 2147483647;
			dstPath = /usr/share/man/man1/;
			dstSubfolderSpec = 0;
			files = (
			);
			runOnlyForDeploymentPostprocessing = 1;
		};
/* End PBXCopyFilesBuildPhase section */

/* Begin PBXFileReference section */
		A22C4D441FF5F1BF0079F7C2 /* CPPDemo */ = {isa = PBXFileReference; explicitFileType = "compiled.mach-o.executable"; includeInIndex = 0; path = CPPDemo; sourceTree = BUILT_PRODUCTS_DIR; };
		A22C4D471FF5F1BF0079F7C2 /* main.cpp */ = {isa = PBXFileReference; lastKnownFileType = sourcecode.cpp.cpp; path = main.cpp; sourceTree = "<group>"; };
		A2ED6F98204FD22D00443946 /* PaChong.cpp */ = {isa = PBXFileReference; lastKnownFileType = sourcecode.cpp.cpp; path = PaChong.cpp; sourceTree = "<group>"; };
		A2ED6F99204FD22D00443946 /* PaChong.hpp */ = {isa = PBXFileReference; lastKnownFileType = sourcecode.cpp.h; path = PaChong.hpp; sourceTree = "<group>"; };
/* End PBXFileReference section */

/* Begin PBXFrameworksBuildPhase section */
		A22C4D411FF5F1BF0079F7C2 /* Frameworks */ = {
			isa = PBXFrameworksBuildPhase;
			buildActionMask = 2147483647;
			files = (
			);
			runOnlyForDeploymentPostprocessing = 0;
		};
/* End PBXFrameworksBuildPhase section */

/* Begin PBXGroup section */
		A22C4D3B1FF5F1BF0079F7C2 = {
			isa = PBXGroup;
			children = (
				A22C4D461FF5F1BF0079F7C2 /* CPPDemo */,
				A22C4D451FF5F1BF0079F7C2 /* Products */,
			);
			sourceTree = "<group>";
		};
		A22C4D451FF5F1BF0079F7C2 /* Products */ = {
			isa = PBXGroup;
			children = (
				A22C4D441FF5F1BF0079F7C2 /* CPPDemo */,
			);
			name = Products;
			sourceTree = "<group>";
		};
		A22C4D461FF5F1BF0079F7C2 /* CPPDemo */ = {
			isa = PBXGroup;
			children = (
				A22C4D471FF5F1BF0079F7C2 /* main.cpp */,
				A2ED6F98204FD22D00443946 /* PaChong.cpp */,
				A2ED6F99204FD22D00443946 /* PaChong.hpp */,
			);
			path = CPPDemo;
			sourceTree = "<group>";
		};
/* End PBXGroup section */

/* Begin PBXNativeTarget section */
		A22C4D431FF5F1BF0079F7C2 /* CPPDemo */ = {
			isa = PBXNativeTarget;
			buildConfigurationList = A22C4D4B1FF5F1BF0079F7C2 /* Build configuration list for PBXNativeTarget "CPPDemo" */;
			buildPhases = (
				A22C4D401FF5F1BF0079F7C2 /* Sources */,
				A22C4D411FF5F1BF0079F7C2 /* Frameworks */,
				A22C4D421FF5F1BF0079F7C2 /* CopyFiles */,
			);
			buildRules = (
			);
			dependencies = (
			);
			name = CPPDemo;
			productName = CPPDemo;
			productReference = A22C4D441FF5F1BF0079F7C2 /* CPPDemo */;
			productType = "com.apple.product-type.tool";
		};
/* End PBXNativeTarget section */

/* Begin PBXProject section */
		A22C4D3C1FF5F1BF0079F7C2 /* Project object */ = {
			isa = PBXProject;
			attributes = {
				LastUpgradeCheck = 0920;
				ORGANIZATIONNAME = SongMenglong;
				TargetAttributes = {
					A22C4D431FF5F1BF0079F7C2 = {
						CreatedOnToolsVersion = 9.2;
						ProvisioningStyle = Automatic;
					};
				};
			};
			buildConfigurationList = A22C4D3F1FF5F1BF0079F7C2 /* Build configuration list for PBXProject "CPPDemo" */;
			compatibilityVersion = "Xcode 8.0";
			developmentRegion = en;
			hasScannedForEncodings = 0;
			knownRegions = (
				en,
			);
			mainGroup = A22C4D3B1FF5F1BF0079F7C2;
			productRefGroup = A22C4D451FF5F1BF0079F7C2 /* Products */;
			projectDirPath = "";
			projectRoot = "";
			targets = (
				A22C4D431FF5F1BF0079F7C2 /* CPPDemo */,
			);
		};
/* End PBXProject section */

/* Begin PBXSourcesBuildPhase section */
		A22C4D401FF5F1BF0079F7C2 /* Sources */ = {
			isa = PBXSourcesBuildPhase;
			buildActionMask = 2147483647;
			files = (
				A2ED6F9A204FD22D00443946 /* PaChong.cpp in Sources */,
				A22C4D481FF5F1BF0079F7C2 /* main.cpp in Sources */,
			);
			runOnlyForDeploymentPostprocessing = 0;
		};
/* End PBXSourcesBuildPhase section */

/* Begin XCBuildConfiguration section */
		A22C4D491FF5F1BF0079F7C2 /* Debug */ = {
			isa = XCBuildConfiguration;
			buildSettings = {
				ALWAYS_SEARCH_USER_PATHS = NO;
				CLANG_ANALYZER_NONNULL = YES;
				CLANG_ANALYZER_NUMBER_OBJECT_CONVERSION = YES_AGGRESSIVE;
				CLANG_CXX_LANGUAGE_STANDARD = "gnu++14";
				CLANG_CXX_LIBRARY = "libc++";
				CLANG_ENABLE_MODULES = YES;
				CLANG_ENABLE_OBJC_ARC = YES;
				CLANG_WARN_BLOCK_CAPTURE_AUTORELEASING = YES;
				CLANG_WARN_BOOL_CONVERSION = YES;
				CLANG_WARN_COMMA = YES;
				CLANG_WARN_CONSTANT_CONVERSION = YES;
				CLANG_WARN_DIRECT_OBJC_ISA_USAGE = YES_ERROR;
				CLANG_WARN_DOCUMENTATION_COMMENTS = YES;
				CLANG_WARN_EMPTY_BODY = YES;
				CLANG_WARN_ENUM_CONVERSION = YES;
				CLANG_WARN_INFINITE_RECURSION = YES;
				CLANG_WARN_INT_CONVERSION = YES;
				CLANG_WARN_NON_LITERAL_NULL_CONVERSION = YES;
				CLANG_WARN_OBJC_LITERAL_CONVERSION = YES;
				CLANG_WARN_OBJC_ROOT_CLASS = YES_ERROR;
				CLANG_WARN_RANGE_LOOP_ANALYSIS = YES;
				CLANG_WARN_STRICT_PROTOTYPES = YES;
				CLANG_WARN_SUSPICIOUS_MOVE = YES;
				CLANG_WARN_UNGUARDED_AVAILABILITY = YES_AGGRESSIVE;
				CLANG_WARN_UNREACHABLE_CODE = YES;
				CLANG_WARN__DUPLICATE_METHOD_MATCH = YES;
				CODE_SIGN_IDENTITY = "-";
				COPY_PHASE_STRIP = NO;
				DEBUG_INFORMATION_FORMAT = dwarf;
				ENABLE_STRICT_OBJC_MSGSEND = YES;
				ENABLE_TESTABILITY = YES;
				GCC_C_LANGUAGE_STANDARD = gnu11;
				GCC_DYNAMIC_NO_PIC = NO;
				GCC_NO_COMMON_BLOCKS = YES;
				GCC_OPTIMIZATION_LEVEL = 0;
				GCC_PREPROCESSOR_DEFINITIONS = (
					"DEBUG=1",
					"$(inherited)",
				);
				GCC_WARN_64_TO_32_BIT_CONVERSION = YES;
				GCC_WARN_ABOUT_RETURN_TYPE = YES_ERROR;
				GCC_WARN_UNDECLARED_SELECTOR = YES;
				GCC_WARN_UNINITIALIZED_AUTOS = YES_AGGRESSIVE;
				GCC_WARN_UNUSED_FUNCTION = YES;
				GCC_WARN_UNUSED_VARIABLE = YES;
				MACOSX_DEPLOYMENT_TARGET = 10.13;
				MTL_ENABLE_DEBUG_INFO = YES;
				ONLY_ACTIVE_ARCH = YES;
				SDKROOT = macosx;
			};
			name = Debug;
		};
		A22C4D4A1FF5F1BF0079F7C2 /* Release */ = {
			isa = XCBuildConfiguration;
			buildSettings = {
				ALWAYS_SEARCH_USER_PATHS = NO;
				CLANG_ANALYZER_NONNULL = YES;
				CLANG_ANALYZER_NUMBER_OBJECT_CONVERSION = YES_AGGRESSIVE;
				CLANG_CXX_LANGUAGE_STANDARD = "gnu++14";
				CLANG_CXX_LIBRARY = "libc++";
				CLANG_ENABLE_MODULES = YES;
				CLANG_ENABLE_OBJC_ARC = YES;
				CLANG_WARN_BLOCK_CAPTURE_AUTORELEASING = YES;
				CLANG_WARN_BOOL_CONVERSION = YES;
				CLANG_WARN_COMMA = YES;
				CLANG_WARN_CONSTANT_CONVERSION = YES;
				CLANG_WARN_DIRECT_OBJC_ISA_USAGE = YES_ERROR;
				CLANG_WARN_DOCUMENTATION_COMMENTS = YES;
				CLANG_WARN_EMPTY_BODY = YES;
				CLANG_WARN_ENUM_CONVERSION = YES;
				CLANG_WARN_INFINITE_RECURSION = YES;
				CLANG_WARN_INT_CONVERSION = YES;
				CLANG_WARN_NON_LITERAL_NULL_CONVERSION = YES;
				CLANG_WARN_OBJC_LITERAL_CONVERSION = YES;
				CLANG_WARN_OBJC_ROOT_CLASS = YES_ERROR;
				CLANG_WARN_RANGE_LOOP_ANALYSIS = YES;
				CLANG_WARN_STRICT_PROTOTYPES = YES;
				CLANG_WARN_SUSPICIOUS_MOVE = YES;
				CLANG_WARN_UNGUARDED_AVAILABILITY = YES_AGGRESSIVE;
				CLANG_WARN_UNREACHABLE_CODE = YES;
				CLANG_WARN__DUPLICATE_METHOD_MATCH = YES;
				CODE_SIGN_IDENTITY = "-";
				COPY_PHASE_STRIP = NO;
				DEBUG_INFORMATION_FORMAT = "dwarf-with-dsym";
				ENABLE_NS_ASSERTIONS = NO;
				ENABLE_STRICT_OBJC_MSGSEND = YES;
				GCC_C_LANGUAGE_STANDARD = gnu11;
				GCC_NO_COMMON_BLOCKS = YES;
				GCC_WARN_64_TO_32_BIT_CONVERSION = YES;
				GCC_WARN_ABOUT_RETURN_TYPE = YES_ERROR;
				GCC_WARN_UNDECLARED_SELECTOR = YES;
				GCC_WARN_UNINITIALIZED_AUTOS = YES_AGGRESSIVE;
				GCC_WARN_UNUSED_FUNCTION = YES;
				GCC_WARN_UNUSED_VARIABLE = YES;
				MACOSX_DEPLOYMENT_TARGET = 10.13;
				MTL_ENABLE_DEBUG_INFO = NO;
				SDKROOT = macosx;
			};
			name = Release;
		};
		A22C4D4C1FF5F1BF0079F7C2 /* Debug */ = {
			isa = XCBuildConfiguration;
			buildSettings = {
				CODE_SIGN_STYLE = Automatic;
				ONLY_ACTIVE_ARCH = YES;
				PRODUCT_NAME = "$(TARGET_NAME)";
			};
			name = Debug;
		};
		A22C4D4D1FF5F1BF0079F7C2 /* Release */ = {
			isa = XCBuildConfiguration;
			buildSettings = {
				CODE_SIGN_STYLE = Automatic;
				ONLY_ACTIVE_ARCH = YES;
				PRODUCT_NAME = "$(TARGET_NAME)";
			};
			name = Release;
		};
/* End XCBuildConfiguration section */

/* Begin XCConfigurationList section */
		A22C4D3F1FF5F1BF0079F7C2 /* Build configuration list for PBXProject "CPPDemo" */ = {
			isa = XCConfigurationList;
			buildConfigurations = (
				A22C4D491FF5F1BF0079F7C2 /* Debug */,
				A22C4D4A1FF5F1BF0079F7C2 /* Release */,
			);
			defaultConfigurationIsVisible = 0;
			defaultConfigurationName = Release;
		};
		A22C4D4B1FF5F1BF0079F7C2 /* Build configuration list for PBXNativeTarget "CPPDemo" */ = {
			isa = XCConfigurationList;
			buildConfigurations = (
				A22C4D4C1FF5F1BF0079F7C2 /* Debug */,
				A22C4D4D1FF5F1BF0079F7C2 /* Release */,
			);
			defaultConfigurationIsVisible = 0;
			defaultConfigurationName = Release;
		};
/* End XCConfigurationList section */
	};
	rootObject = A22C4D3C1FF5F1BF0079F7C2 /* Project object */;
}
