// !$*UTF8*$!
{
	archiveVersion = 1;
	classes = {
	};
	objectVersion = 48;
	objects = {

/* Begin PBXBuildFile section */
		A27E876E201AFB31003E712C /* AppDelegate.m in Sources */ = {isa = PBXBuildFile; fileRef = A27E876D201AFB31003E712C /* AppDelegate.m */; };
		A27E8771201AFB31003E712C /* ViewController.m in Sources */ = {isa = PBXBuildFile; fileRef = A27E8770201AFB31003E712C /* ViewController.m */; };
		A27E8773201AFB31003E712C /* Assets.xcassets in Resources */ = {isa = PBXBuildFile; fileRef = A27E8772201AFB31003E712C /* Assets.xcassets */; };
		A27E8776201AFB31003E712C /* Main.storyboard in Resources */ = {isa = PBXBuildFile; fileRef = A27E8774201AFB31003E712C /* Main.storyboard */; };
		A27E8779201AFB31003E712C /* main.m in Sources */ = {isa = PBXBuildFile; fileRef = A27E8778201AFB31003E712C /* main.m */; };
		A27E8784201AFB32003E712C /* PingDingShanTests.m in Sources */ = {isa = PBXBuildFile; fileRef = A27E8783201AFB32003E712C /* PingDingShanTests.m */; };
		A27E878F201AFB32003E712C /* PingDingShanUITests.m in Sources */ = {isa = PBXBuildFile; fileRef = A27E878E201AFB32003E712C /* PingDingShanUITests.m */; };
/* End PBXBuildFile section */

/* Begin PBXContainerItemProxy section */
		A27E8780201AFB32003E712C /* PBXContainerItemProxy */ = {
			isa = PBXContainerItemProxy;
			containerPortal = A27E8761201AFB31003E712C /* Project object */;
			proxyType = 1;
			remoteGlobalIDString = A27E8768201AFB31003E712C;
			remoteInfo = PingDingShan;
		};
		A27E878B201AFB32003E712C /* PBXContainerItemProxy */ = {
			isa = PBXContainerItemProxy;
			containerPortal = A27E8761201AFB31003E712C /* Project object */;
			proxyType = 1;
			remoteGlobalIDString = A27E8768201AFB31003E712C;
			remoteInfo = PingDingShan;
		};
/* End PBXContainerItemProxy section */

/* Begin PBXFileReference section */
		A27E8769201AFB31003E712C /* PingDingShan.app */ = {isa = PBXFileReference; explicitFileType = wrapper.application; includeInIndex = 0; path = PingDingShan.app; sourceTree = BUILT_PRODUCTS_DIR; };
		A27E876C201AFB31003E712C /* AppDelegate.h */ = {isa = PBXFileReference; lastKnownFileType = sourcecode.c.h; path = AppDelegate.h; sourceTree = "<group>"; };
		A27E876D201AFB31003E712C /* AppDelegate.m */ = {isa = PBXFileReference; lastKnownFileType = sourcecode.c.objc; path = AppDelegate.m; sourceTree = "<group>"; };
		A27E876F201AFB31003E712C /* ViewController.h */ = {isa = PBXFileReference; lastKnownFileType = sourcecode.c.h; path = ViewController.h; sourceTree = "<group>"; };
		A27E8770201AFB31003E712C /* ViewController.m */ = {isa = PBXFileReference; lastKnownFileType = sourcecode.c.objc; path = ViewController.m; sourceTree = "<group>"; };
		A27E8772201AFB31003E712C /* Assets.xcassets */ = {isa = PBXFileReference; lastKnownFileType = folder.assetcatalog; path = Assets.xcassets; sourceTree = "<group>"; };
		A27E8775201AFB31003E712C /* Base */ = {isa = PBXFileReference; lastKnownFileType = file.storyboard; name = Base; path = Base.lproj/Main.storyboard; sourceTree = "<group>"; };
		A27E8777201AFB31003E712C /* Info.plist */ = {isa = PBXFileReference; lastKnownFileType = text.plist.xml; path = Info.plist; sourceTree = "<group>"; };
		A27E8778201AFB31003E712C /* main.m */ = {isa = PBXFileReference; lastKnownFileType = sourcecode.c.objc; path = main.m; sourceTree = "<group>"; };
		A27E877A201AFB31003E712C /* PingDingShan.entitlements */ = {isa = PBXFileReference; lastKnownFileType = text.plist.entitlements; path = PingDingShan.entitlements; sourceTree = "<group>"; };
		A27E877F201AFB32003E712C /* PingDingShanTests.xctest */ = {isa = PBXFileReference; explicitFileType = wrapper.cfbundle; includeInIndex = 0; path = PingDingShanTests.xctest; sourceTree = BUILT_PRODUCTS_DIR; };
		A27E8783201AFB32003E712C /* PingDingShanTests.m */ = {isa = PBXFileReference; lastKnownFileType = sourcecode.c.objc; path = PingDingShanTests.m; sourceTree = "<group>"; };
		A27E8785201AFB32003E712C /* Info.plist */ = {isa = PBXFileReference; lastKnownFileType = text.plist.xml; path = Info.plist; sourceTree = "<group>"; };
		A27E878A201AFB32003E712C /* PingDingShanUITests.xctest */ = {isa = PBXFileReference; explicitFileType = wrapper.cfbundle; includeInIndex = 0; path = PingDingShanUITests.xctest; sourceTree = BUILT_PRODUCTS_DIR; };
		A27E878E201AFB32003E712C /* PingDingShanUITests.m */ = {isa = PBXFileReference; lastKnownFileType = sourcecode.c.objc; path = PingDingShanUITests.m; sourceTree = "<group>"; };
		A27E8790201AFB32003E712C /* Info.plist */ = {isa = PBXFileReference; lastKnownFileType = text.plist.xml; path = Info.plist; sourceTree = "<group>"; };
/* End PBXFileReference section */

/* Begin PBXFrameworksBuildPhase section */
		A27E8766201AFB31003E712C /* Frameworks */ = {
			isa = PBXFrameworksBuildPhase;
			buildActionMask = 2147483647;
			files = (
			);
			runOnlyForDeploymentPostprocessing = 0;
		};
		A27E877C201AFB32003E712C /* Frameworks */ = {
			isa = PBXFrameworksBuildPhase;
			buildActionMask = 2147483647;
			files = (
			);
			runOnlyForDeploymentPostprocessing = 0;
		};
		A27E8787201AFB32003E712C /* Frameworks */ = {
			isa = PBXFrameworksBuildPhase;
			buildActionMask = 2147483647;
			files = (
			);
			runOnlyForDeploymentPostprocessing = 0;
		};
/* End PBXFrameworksBuildPhase section */

/* Begin PBXGroup section */
		A27E8760201AFB31003E712C = {
			isa = PBXGroup;
			children = (
				A27E876B201AFB31003E712C /* PingDingShan */,
				A27E8782201AFB32003E712C /* PingDingShanTests */,
				A27E878D201AFB32003E712C /* PingDingShanUITests */,
				A27E876A201AFB31003E712C /* Products */,
			);
			sourceTree = "<group>";
		};
		A27E876A201AFB31003E712C /* Products */ = {
			isa = PBXGroup;
			children = (
				A27E8769201AFB31003E712C /* PingDingShan.app */,
				A27E877F201AFB32003E712C /* PingDingShanTests.xctest */,
				A27E878A201AFB32003E712C /* PingDingShanUITests.xctest */,
			);
			name = Products;
			sourceTree = "<group>";
		};
		A27E876B201AFB31003E712C /* PingDingShan */ = {
			isa = PBXGroup;
			children = (
				A27E876C201AFB31003E712C /* AppDelegate.h */,
				A27E876D201AFB31003E712C /* AppDelegate.m */,
				A27E876F201AFB31003E712C /* ViewController.h */,
				A27E8770201AFB31003E712C /* ViewController.m */,
				A27E8772201AFB31003E712C /* Assets.xcassets */,
				A27E8774201AFB31003E712C /* Main.storyboard */,
				A27E8777201AFB31003E712C /* Info.plist */,
				A27E8778201AFB31003E712C /* main.m */,
				A27E877A201AFB31003E712C /* PingDingShan.entitlements */,
			);
			path = PingDingShan;
			sourceTree = "<group>";
		};
		A27E8782201AFB32003E712C /* PingDingShanTests */ = {
			isa = PBXGroup;
			children = (
				A27E8783201AFB32003E712C /* PingDingShanTests.m */,
				A27E8785201AFB32003E712C /* Info.plist */,
			);
			path = PingDingShanTests;
			sourceTree = "<group>";
		};
		A27E878D201AFB32003E712C /* PingDingShanUITests */ = {
			isa = PBXGroup;
			children = (
				A27E878E201AFB32003E712C /* PingDingShanUITests.m */,
				A27E8790201AFB32003E712C /* Info.plist */,
			);
			path = PingDingShanUITests;
			sourceTree = "<group>";
		};
/* End PBXGroup section */

/* Begin PBXNativeTarget section */
		A27E8768201AFB31003E712C /* PingDingShan */ = {
			isa = PBXNativeTarget;
			buildConfigurationList = A27E8793201AFB32003E712C /* Build configuration list for PBXNativeTarget "PingDingShan" */;
			buildPhases = (
				A27E8765201AFB31003E712C /* Sources */,
				A27E8766201AFB31003E712C /* Frameworks */,
				A27E8767201AFB31003E712C /* Resources */,
			);
			buildRules = (
			);
			dependencies = (
			);
			name = PingDingShan;
			productName = PingDingShan;
			productReference = A27E8769201AFB31003E712C /* PingDingShan.app */;
			productType = "com.apple.product-type.application";
		};
		A27E877E201AFB32003E712C /* PingDingShanTests */ = {
			isa = PBXNativeTarget;
			buildConfigurationList = A27E8796201AFB32003E712C /* Build configuration list for PBXNativeTarget "PingDingShanTests" */;
			buildPhases = (
				A27E877B201AFB32003E712C /* Sources */,
				A27E877C201AFB32003E712C /* Frameworks */,
				A27E877D201AFB32003E712C /* Resources */,
			);
			buildRules = (
			);
			dependencies = (
				A27E8781201AFB32003E712C /* PBXTargetDependency */,
			);
			name = PingDingShanTests;
			productName = PingDingShanTests;
			productReference = A27E877F201AFB32003E712C /* PingDingShanTests.xctest */;
			productType = "com.apple.product-type.bundle.unit-test";
		};
		A27E8789201AFB32003E712C /* PingDingShanUITests */ = {
			isa = PBXNativeTarget;
			buildConfigurationList = A27E8799201AFB32003E712C /* Build configuration list for PBXNativeTarget "PingDingShanUITests" */;
			buildPhases = (
				A27E8786201AFB32003E712C /* Sources */,
				A27E8787201AFB32003E712C /* Frameworks */,
				A27E8788201AFB32003E712C /* Resources */,
			);
			buildRules = (
			);
			dependencies = (
				A27E878C201AFB32003E712C /* PBXTargetDependency */,
			);
			name = PingDingShanUITests;
			productName = PingDingShanUITests;
			productReference = A27E878A201AFB32003E712C /* PingDingShanUITests.xctest */;
			productType = "com.apple.product-type.bundle.ui-testing";
		};
/* End PBXNativeTarget section */

/* Begin PBXProject section */
		A27E8761201AFB31003E712C /* Project object */ = {
			isa = PBXProject;
			attributes = {
				LastUpgradeCheck = 0920;
				ORGANIZATIONNAME = SongMenglong;
				TargetAttributes = {
					A27E8768201AFB31003E712C = {
						CreatedOnToolsVersion = 9.2;
						ProvisioningStyle = Automatic;
					};
					A27E877E201AFB32003E712C = {
						CreatedOnToolsVersion = 9.2;
						ProvisioningStyle = Automatic;
						TestTargetID = A27E8768201AFB31003E712C;
					};
					A27E8789201AFB32003E712C = {
						CreatedOnToolsVersion = 9.2;
						ProvisioningStyle = Automatic;
						TestTargetID = A27E8768201AFB31003E712C;
					};
				};
			};
			buildConfigurationList = A27E8764201AFB31003E712C /* Build configuration list for PBXProject "PingDingShan" */;
			compatibilityVersion = "Xcode 8.0";
			developmentRegion = en;
			hasScannedForEncodings = 0;
			knownRegions = (
				en,
				Base,
			);
			mainGroup = A27E8760201AFB31003E712C;
			productRefGroup = A27E876A201AFB31003E712C /* Products */;
			projectDirPath = "";
			projectRoot = "";
			targets = (
				A27E8768201AFB31003E712C /* PingDingShan */,
				A27E877E201AFB32003E712C /* PingDingShanTests */,
				A27E8789201AFB32003E712C /* PingDingShanUITests */,
			);
		};
/* End PBXProject section */

/* Begin PBXResourcesBuildPhase section */
		A27E8767201AFB31003E712C /* Resources */ = {
			isa = PBXResourcesBuildPhase;
			buildActionMask = 2147483647;
			files = (
				A27E8773201AFB31003E712C /* Assets.xcassets in Resources */,
				A27E8776201AFB31003E712C /* Main.storyboard in Resources */,
			);
			runOnlyForDeploymentPostprocessing = 0;
		};
		A27E877D201AFB32003E712C /* Resources */ = {
			isa = PBXResourcesBuildPhase;
			buildActionMask = 2147483647;
			files = (
			);
			runOnlyForDeploymentPostprocessing = 0;
		};
		A27E8788201AFB32003E712C /* Resources */ = {
			isa = PBXResourcesBuildPhase;
			buildActionMask = 2147483647;
			files = (
			);
			runOnlyForDeploymentPostprocessing = 0;
		};
/* End PBXResourcesBuildPhase section */

/* Begin PBXSourcesBuildPhase section */
		A27E8765201AFB31003E712C /* Sources */ = {
			isa = PBXSourcesBuildPhase;
			buildActionMask = 2147483647;
			files = (
				A27E8771201AFB31003E712C /* ViewController.m in Sources */,
				A27E8779201AFB31003E712C /* main.m in Sources */,
				A27E876E201AFB31003E712C /* AppDelegate.m in Sources */,
			);
			runOnlyForDeploymentPostprocessing = 0;
		};
		A27E877B201AFB32003E712C /* Sources */ = {
			isa = PBXSourcesBuildPhase;
			buildActionMask = 2147483647;
			files = (
				A27E8784201AFB32003E712C /* PingDingShanTests.m in Sources */,
			);
			runOnlyForDeploymentPostprocessing = 0;
		};
		A27E8786201AFB32003E712C /* Sources */ = {
			isa = PBXSourcesBuildPhase;
			buildActionMask = 2147483647;
			files = (
				A27E878F201AFB32003E712C /* PingDingShanUITests.m in Sources */,
			);
			runOnlyForDeploymentPostprocessing = 0;
		};
/* End PBXSourcesBuildPhase section */

/* Begin PBXTargetDependency section */
		A27E8781201AFB32003E712C /* PBXTargetDependency */ = {
			isa = PBXTargetDependency;
			target = A27E8768201AFB31003E712C /* PingDingShan */;
			targetProxy = A27E8780201AFB32003E712C /* PBXContainerItemProxy */;
		};
		A27E878C201AFB32003E712C /* PBXTargetDependency */ = {
			isa = PBXTargetDependency;
			target = A27E8768201AFB31003E712C /* PingDingShan */;
			targetProxy = A27E878B201AFB32003E712C /* PBXContainerItemProxy */;
		};
/* End PBXTargetDependency section */

/* Begin PBXVariantGroup section */
		A27E8774201AFB31003E712C /* Main.storyboard */ = {
			isa = PBXVariantGroup;
			children = (
				A27E8775201AFB31003E712C /* Base */,
			);
			name = Main.storyboard;
			sourceTree = "<group>";
		};
/* End PBXVariantGroup section */

/* Begin XCBuildConfiguration section */
		A27E8791201AFB32003E712C /* Debug */ = {
			isa = XCBuildConfiguration;
			buildSettings = {
				ALWAYS_SEARCH_USER_PATHS = NO;
				CLANG_ANALYZER_NONNULL = YES;
				CLANG_ANALYZER_NUMBER_OBJECT_CONVERSION = YES_AGGRESSIVE;
				CLANG_CXX_LANGUAGE_STANDARD = "gnu++14";
				CLANG_CXX_LIBRARY = "libc++";
				CLANG_ENABLE_MODULES = YES;
				CLANG_ENABLE_OBJC_ARC = YES;
				CLANG_WARN_BLOCK_CAPTURE_AUTORELEASING = YES;
				CLANG_WARN_BOOL_CONVERSION = YES;
				CLANG_WARN_COMMA = YES;
				CLANG_WARN_CONSTANT_CONVERSION = YES;
				CLANG_WARN_DIRECT_OBJC_ISA_USAGE = YES_ERROR;
				CLANG_WARN_DOCUMENTATION_COMMENTS = YES;
				CLANG_WARN_EMPTY_BODY = YES;
				CLANG_WARN_ENUM_CONVERSION = YES;
				CLANG_WARN_INFINITE_RECURSION = YES;
				CLANG_WARN_INT_CONVERSION = YES;
				CLANG_WARN_NON_LITERAL_NULL_CONVERSION = YES;
				CLANG_WARN_OBJC_LITERAL_CONVERSION = YES;
				CLANG_WARN_OBJC_ROOT_CLASS = YES_ERROR;
				CLANG_WARN_RANGE_LOOP_ANALYSIS = YES;
				CLANG_WARN_STRICT_PROTOTYPES = YES;
				CLANG_WARN_SUSPICIOUS_MOVE = YES;
				CLANG_WARN_UNGUARDED_AVAILABILITY = YES_AGGRESSIVE;
				CLANG_WARN_UNREACHABLE_CODE = YES;
				CLANG_WARN__DUPLICATE_METHOD_MATCH = YES;
				CODE_SIGN_IDENTITY = "-";
				COPY_PHASE_STRIP = NO;
				DEBUG_INFORMATION_FORMAT = dwarf;
				ENABLE_STRICT_OBJC_MSGSEND = YES;
				ENABLE_TESTABILITY = YES;
				GCC_C_LANGUAGE_STANDARD = gnu11;
				GCC_DYNAMIC_NO_PIC = NO;
				GCC_NO_COMMON_BLOCKS = YES;
				GCC_OPTIMIZATION_LEVEL = 0;
				GCC_PREPROCESSOR_DEFINITIONS = (
					"DEBUG=1",
					"$(inherited)",
				);
				GCC_WARN_64_TO_32_BIT_CONVERSION = YES;
				GCC_WARN_ABOUT_RETURN_TYPE = YES_ERROR;
				GCC_WARN_UNDECLARED_SELECTOR = YES;
				GCC_WARN_UNINITIALIZED_AUTOS = YES_AGGRESSIVE;
				GCC_WARN_UNUSED_FUNCTION = YES;
				GCC_WARN_UNUSED_VARIABLE = YES;
				MACOSX_DEPLOYMENT_TARGET = 10.13;
				MTL_ENABLE_DEBUG_INFO = YES;
				ONLY_ACTIVE_ARCH = YES;
				SDKROOT = macosx;
			};
			name = Debug;
		};
		A27E8792201AFB32003E712C /* Release */ = {
			isa = XCBuildConfiguration;
			buildSettings = {
				ALWAYS_SEARCH_USER_PATHS = NO;
				CLANG_ANALYZER_NONNULL = YES;
				CLANG_ANALYZER_NUMBER_OBJECT_CONVERSION = YES_AGGRESSIVE;
				CLANG_CXX_LANGUAGE_STANDARD = "gnu++14";
				CLANG_CXX_LIBRARY = "libc++";
				CLANG_ENABLE_MODULES = YES;
				CLANG_ENABLE_OBJC_ARC = YES;
				CLANG_WARN_BLOCK_CAPTURE_AUTORELEASING = YES;
				CLANG_WARN_BOOL_CONVERSION = YES;
				CLANG_WARN_COMMA = YES;
				CLANG_WARN_CONSTANT_CONVERSION = YES;
				CLANG_WARN_DIRECT_OBJC_ISA_USAGE = YES_ERROR;
				CLANG_WARN_DOCUMENTATION_COMMENTS = YES;
				CLANG_WARN_EMPTY_BODY = YES;
				CLANG_WARN_ENUM_CONVERSION = YES;
				CLANG_WARN_INFINITE_RECURSION = YES;
				CLANG_WARN_INT_CONVERSION = YES;
				CLANG_WARN_NON_LITERAL_NULL_CONVERSION = YES;
				CLANG_WARN_OBJC_LITERAL_CONVERSION = YES;
				CLANG_WARN_OBJC_ROOT_CLASS = YES_ERROR;
				CLANG_WARN_RANGE_LOOP_ANALYSIS = YES;
				CLANG_WARN_STRICT_PROTOTYPES = YES;
				CLANG_WARN_SUSPICIOUS_MOVE = YES;
				CLANG_WARN_UNGUARDED_AVAILABILITY = YES_AGGRESSIVE;
				CLANG_WARN_UNREACHABLE_CODE = YES;
				CLANG_WARN__DUPLICATE_METHOD_MATCH = YES;
				CODE_SIGN_IDENTITY = "-";
				COPY_PHASE_STRIP = NO;
				DEBUG_INFORMATION_FORMAT = "dwarf-with-dsym";
				ENABLE_NS_ASSERTIONS = NO;
				ENABLE_STRICT_OBJC_MSGSEND = YES;
				GCC_C_LANGUAGE_STANDARD = gnu11;
				GCC_NO_COMMON_BLOCKS = YES;
				GCC_WARN_64_TO_32_BIT_CONVERSION = YES;
				GCC_WARN_ABOUT_RETURN_TYPE = YES_ERROR;
				GCC_WARN_UNDECLARED_SELECTOR = YES;
				GCC_WARN_UNINITIALIZED_AUTOS = YES_AGGRESSIVE;
				GCC_WARN_UNUSED_FUNCTION = YES;
				GCC_WARN_UNUSED_VARIABLE = YES;
				MACOSX_DEPLOYMENT_TARGET = 10.13;
				MTL_ENABLE_DEBUG_INFO = NO;
				SDKROOT = macosx;
			};
			name = Release;
		};
		A27E8794201AFB32003E712C /* Debug */ = {
			isa = XCBuildConfiguration;
			buildSettings = {
				ASSETCATALOG_COMPILER_APPICON_NAME = AppIcon;
				CODE_SIGN_ENTITLEMENTS = PingDingShan/PingDingShan.entitlements;
				CODE_SIGN_STYLE = Automatic;
				COMBINE_HIDPI_IMAGES = YES;
				INFOPLIST_FILE = PingDingShan/Info.plist;
				LD_RUNPATH_SEARCH_PATHS = "$(inherited) @executable_path/../Frameworks";
				PRODUCT_BUNDLE_IDENTIFIER = com.uascent.PingDingShan;
				PRODUCT_NAME = "$(TARGET_NAME)";
			};
			name = Debug;
		};
		A27E8795201AFB32003E712C /* Release */ = {
			isa = XCBuildConfiguration;
			buildSettings = {
				ASSETCATALOG_COMPILER_APPICON_NAME = AppIcon;
				CODE_SIGN_ENTITLEMENTS = PingDingShan/PingDingShan.entitlements;
				CODE_SIGN_STYLE = Automatic;
				COMBINE_HIDPI_IMAGES = YES;
				INFOPLIST_FILE = PingDingShan/Info.plist;
				LD_RUNPATH_SEARCH_PATHS = "$(inherited) @executable_path/../Frameworks";
				PRODUCT_BUNDLE_IDENTIFIER = com.uascent.PingDingShan;
				PRODUCT_NAME = "$(TARGET_NAME)";
			};
			name = Release;
		};
		A27E8797201AFB32003E712C /* Debug */ = {
			isa = XCBuildConfiguration;
			buildSettings = {
				BUNDLE_LOADER = "$(TEST_HOST)";
				CODE_SIGN_STYLE = Automatic;
				COMBINE_HIDPI_IMAGES = YES;
				INFOPLIST_FILE = PingDingShanTests/Info.plist;
				LD_RUNPATH_SEARCH_PATHS = "$(inherited) @executable_path/../Frameworks @loader_path/../Frameworks";
				PRODUCT_BUNDLE_IDENTIFIER = com.uascent.PingDingShanTests;
				PRODUCT_NAME = "$(TARGET_NAME)";
				TEST_HOST = "$(BUILT_PRODUCTS_DIR)/PingDingShan.app/Contents/MacOS/PingDingShan";
			};
			name = Debug;
		};
		A27E8798201AFB32003E712C /* Release */ = {
			isa = XCBuildConfiguration;
			buildSettings = {
				BUNDLE_LOADER = "$(TEST_HOST)";
				CODE_SIGN_STYLE = Automatic;
				COMBINE_HIDPI_IMAGES = YES;
				INFOPLIST_FILE = PingDingShanTests/Info.plist;
				LD_RUNPATH_SEARCH_PATHS = "$(inherited) @executable_path/../Frameworks @loader_path/../Frameworks";
				PRODUCT_BUNDLE_IDENTIFIER = com.uascent.PingDingShanTests;
				PRODUCT_NAME = "$(TARGET_NAME)";
				TEST_HOST = "$(BUILT_PRODUCTS_DIR)/PingDingShan.app/Contents/MacOS/PingDingShan";
			};
			name = Release;
		};
		A27E879A201AFB32003E712C /* Debug */ = {
			isa = XCBuildConfiguration;
			buildSettings = {
				CODE_SIGN_STYLE = Automatic;
				COMBINE_HIDPI_IMAGES = YES;
				INFOPLIST_FILE = PingDingShanUITests/Info.plist;
				LD_RUNPATH_SEARCH_PATHS = "$(inherited) @executable_path/../Frameworks @loader_path/../Frameworks";
				PRODUCT_BUNDLE_IDENTIFIER = com.uascent.PingDingShanUITests;
				PRODUCT_NAME = "$(TARGET_NAME)";
				TEST_TARGET_NAME = PingDingShan;
			};
			name = Debug;
		};
		A27E879B201AFB32003E712C /* Release */ = {
			isa = XCBuildConfiguration;
			buildSettings = {
				CODE_SIGN_STYLE = Automatic;
				COMBINE_HIDPI_IMAGES = YES;
				INFOPLIST_FILE = PingDingShanUITests/Info.plist;
				LD_RUNPATH_SEARCH_PATHS = "$(inherited) @executable_path/../Frameworks @loader_path/../Frameworks";
				PRODUCT_BUNDLE_IDENTIFIER = com.uascent.PingDingShanUITests;
				PRODUCT_NAME = "$(TARGET_NAME)";
				TEST_TARGET_NAME = PingDingShan;
			};
			name = Release;
		};
/* End XCBuildConfiguration section */

/* Begin XCConfigurationList section */
		A27E8764201AFB31003E712C /* Build configuration list for PBXProject "PingDingShan" */ = {
			isa = XCConfigurationList;
			buildConfigurations = (
				A27E8791201AFB32003E712C /* Debug */,
				A27E8792201AFB32003E712C /* Release */,
			);
			defaultConfigurationIsVisible = 0;
			defaultConfigurationName = Release;
		};
		A27E8793201AFB32003E712C /* Build configuration list for PBXNativeTarget "PingDingShan" */ = {
			isa = XCConfigurationList;
			buildConfigurations = (
				A27E8794201AFB32003E712C /* Debug */,
				A27E8795201AFB32003E712C /* Release */,
			);
			defaultConfigurationIsVisible = 0;
			defaultConfigurationName = Release;
		};
		A27E8796201AFB32003E712C /* Build configuration list for PBXNativeTarget "PingDingShanTests" */ = {
			isa = XCConfigurationList;
			buildConfigurations = (
				A27E8797201AFB32003E712C /* Debug */,
				A27E8798201AFB32003E712C /* Release */,
			);
			defaultConfigurationIsVisible = 0;
			defaultConfigurationName = Release;
		};
		A27E8799201AFB32003E712C /* Build configuration list for PBXNativeTarget "PingDingShanUITests" */ = {
			isa = XCConfigurationList;
			buildConfigurations = (
				A27E879A201AFB32003E712C /* Debug */,
				A27E879B201AFB32003E712C /* Release */,
			);
			defaultConfigurationIsVisible = 0;
			defaultConfigurationName = Release;
		};
/* End XCConfigurationList section */
	};
	rootObject = A27E8761201AFB31003E712C /* Project object */;
}
